version = 1
revision = 3
requires-python = ">=3.13"

[[package]]
name = "augmented-pdf-parser"
version = "0.1.0"
source = { virtual = "." }
dependencies = [
    { name = "pypdfium2" },
]

[package.metadata]
requires-dist = [{ name = "pypdfium2", specifier = ">=5.1.0" }]

[[package]]
name = "pypdfium2"
version = "5.1.0"
source = { registry = "https://pypi.org/simple" }
sdist = { url = "https://files.pythonhosted.org/packages/1c/87/56782107fa242137b77ccddc30519bbb33e7a9eed9da9649d9db45db2c64/pypdfium2-5.1.0.tar.gz", hash = "sha256:46335ca30a1584b804a6824da84d2e846b4b954bdfc342d035b7bf15ed9a14e5", size = 270104, upload-time = "2025-11-23T13:36:52.589Z" }
wheels = [
    { url = "https://files.pythonhosted.org/packages/1a/d7/46ce255322cd29f0db3772667a0da3db8ed137e1e9b9aa306ac5691765b3/pypdfium2-5.1.0-py3-none-macosx_11_0_arm64.whl", hash = "sha256:f3dde94d320d582d3c20255b600f1e7e03261bfdea139b7064b54126fc3db4e2", size = 2817789, upload-time = "2025-11-23T13:36:31.423Z" },
    { url = "https://files.pythonhosted.org/packages/19/a5/4ad3c1b336fdc2b7a88d835c56bcd64ce60d4a95d1a9eaafc44f853da582/pypdfium2-5.1.0-py3-none-macosx_11_0_x86_64.whl", hash = "sha256:dee09b7a3ab1860a17decc97c179a5aaba5a74b2780d53c91daa18d742945892", size = 2940861, upload-time = "2025-11-23T13:36:33.519Z" },
    { url = "https://files.pythonhosted.org/packages/19/93/d13ca66d5e075d7e27736c51c15955cdd3266ac0a8327613c3c520d43693/pypdfium2-5.1.0-py3-none-manylinux_2_17_aarch64.manylinux2014_aarch64.whl", hash = "sha256:1757d6470cbf5b8d1c825350df2ccd79fd0bfcf5753ff566fd02153a486014b1", size = 2980933, upload-time = "2025-11-23T13:36:35.283Z" },
    { url = "https://files.pythonhosted.org/packages/a2/7c/02744ef9e0363af08f9ed47c0e603ef8713e02d4a48492c76d5bf36f65c3/pypdfium2-5.1.0-py3-none-manylinux_2_17_armv7l.manylinux2014_armv7l.whl", hash = "sha256:ad18e95497423f88b33f2976cb78c27f0bd6ef4b4bf340c901f5f28a234c4f06", size = 2762960, upload-time = "2025-11-23T13:36:37.033Z" },
    { url = "https://files.pythonhosted.org/packages/89/26/f0abcfccb99b0a5c4451b70b0e72ccb7c27387931af01eae982870272202/pypdfium2-5.1.0-py3-none-manylinux_2_17_i686.manylinux2014_i686.whl", hash = "sha256:2faee2f4fbd5bd33dd77c07d15ccaa6687562d883a54c4beb8329ebaee615b7d", size = 3060522, upload-time = "2025-11-23T13:36:38.835Z" },
    { url = "https://files.pythonhosted.org/packages/2f/74/92f508e71178aa85de32454762f84d6f9cef35c468caab3e0f1041dae464/pypdfium2-5.1.0-py3-none-manylinux_2_17_x86_64.manylinux2014_x86_64.whl", hash = "sha256:d688372df169a9dad606c1e5ad34b6e0e6b820f1e0d540b4780711600a7bf8dd", size = 2995178, upload-time = "2025-11-23T13:36:40.319Z" },
    { url = "https://files.pythonhosted.org/packages/94/9f/91ca099ea64b24e19ef05da72e33d0ef0840e104d89cbdcb618da12629b5/pypdfium2-5.1.0-py3-none-musllinux_1_1_aarch64.whl", hash = "sha256:cfecd2b20f1c05027aaa2af6bfbcc2835b4c8f6455155b0dc2800ec6a2051965", size = 6321704, upload-time = "2025-11-23T13:36:42.177Z" },
    { url = "https://files.pythonhosted.org/packages/e0/4b/5628cfda9f534b3acc1e2cf50f9e9582cd9cfd86cf2ce718da229de6e709/pypdfium2-5.1.0-py3-none-musllinux_1_1_i686.whl", hash = "sha256:5698de8e6d662f1b2cdff5cb62e6f0ee79ffaaa13e282251854cbc64cf712449", size = 6329892, upload-time = "2025-11-23T13:36:43.757Z" },
    { url = "https://files.pythonhosted.org/packages/c5/25/5d2db765f8f82129d75ea2883ed26af3d1a64d8daaa20a11005ac681e2c3/pypdfium2-5.1.0-py3-none-musllinux_1_1_x86_64.whl", hash = "sha256:2cbd73093fbb1710ea1164cdf27583363e1b663b8cc22d555c84af0ee1af50c7", size = 6409889, upload-time = "2025-11-23T13:36:45.387Z" },
    { url = "https://files.pythonhosted.org/packages/89/d3/135ed8ca46044cd5005cd104ead13bea417777afa65d7af5a710eb68d340/pypdfium2-5.1.0-py3-none-win32.whl", hash = "sha256:11d319cd2e5f71cdc3d68e8a79142b559a0edbcc16fe31d4036fcfc45f0e9ed8", size = 2991546, upload-time = "2025-11-23T13:36:47.373Z" },
    { url = "https://files.pythonhosted.org/packages/52/8f/884a1b2fd7c747a98e9b4c95097c08b39d042a88837ac72f2945a7f6162c/pypdfium2-5.1.0-py3-none-win_amd64.whl", hash = "sha256:4725f347a8c9ff011a7035d8267ee25912ab1b946034ba0b57f3cca89de8847a", size = 3100176, upload-time = "2025-11-23T13:36:49.234Z" },
    { url = "https://files.pythonhosted.org/packages/d7/5c/72448636ea0ccd44878f77bb5d59a2c967a54eec806ee2e0d894ef0d2434/pypdfium2-5.1.0-py3-none-win_arm64.whl", hash = "sha256:47c5593f7eb6ae0f1e5a940d712d733ede580f09ca91de6c3f89611848695c0f", size = 2941500, upload-time = "2025-11-23T13:36:50.69Z" },
]
